
Microsoft Visual Studio Solution File, Format Version 12.00
# Visual Studio Version 17
VisualStudioVersion = 17.8.34525.116
MinimumVisualStudioVersion = 10.0.40219.1
Project("{FAE04EC0-301F-11D3-BF4B-00C04F79EFBC}") = "Spaceship", "Spaceship.csproj", "{159D7036-EF48-4B0F-A084-2E8A8BC2FF84}"
EndProject
Global
	GlobalSection(SolutionConfigurationPlatforms) = preSolution
		Debug|Any CPU = Debug|Any CPU
		Release|Any CPU = Release|Any CPU
	EndGlobalSection
	GlobalSection(ProjectConfigurationPlatforms) = postSolution
		{159D7036-EF48-4B0F-A084-2E8A8BC2FF84}.Debug|Any CPU.ActiveCfg = Debug|Any CPU
		{159D7036-EF48-4B0F-A084-2E8A8BC2FF84}.Debug|Any CPU.Build.0 = Debug|Any CPU
		{159D7036-EF48-4B0F-A084-2E8A8BC2FF84}.Release|Any CPU.ActiveCfg = Release|Any CPU
		{159D7036-EF48-4B0F-A084-2E8A8BC2FF84}.Release|Any CPU.Build.0 = Release|Any CPU
	EndGlobalSection
	GlobalSection(SolutionProperties) = preSolution
		HideSolutionNode = FALSE
	EndGlobalSection
	GlobalSection(ExtensibilityGlobals) = postSolution
		SolutionGuid = {DB32B9A6-FD9A-4FB1-AEEC-F20FA902B001}
	EndGlobalSection
EndGlobal
